
Microsoft Visual Studio Solution File, Format Version 12.00
# Visual Studio Version 16
VisualStudioVersion = 16.0.30413.136
MinimumVisualStudioVersion = 10.0.40219.1
Project("{FAE04EC0-301F-11D3-BF4B-00C04F79EFBC}") = "Flappy bird", "Flappy bird\Flappy bird.csproj", "{3B03A897-A771-4973-89CF-6C68C4F2BC0B}"
EndProject
Global
	GlobalSection(SolutionConfigurationPlatforms) = preSolution
		Debug|Any CPU = Debug|Any CPU
		Release|Any CPU = Release|Any CPU
	EndGlobalSection
	GlobalSection(ProjectConfigurationPlatforms) = postSolution
		{3B03A897-A771-4973-89CF-6C68C4F2BC0B}.Debug|Any CPU.ActiveCfg = Debug|Any CPU
		{3B03A897-A771-4973-89CF-6C68C4F2BC0B}.Debug|Any CPU.Build.0 = Debug|Any CPU
		{3B03A897-A771-4973-89CF-6C68C4F2BC0B}.Release|Any CPU.ActiveCfg = Release|Any CPU
		{3B03A897-A771-4973-89CF-6C68C4F2BC0B}.Release|Any CPU.Build.0 = Release|Any CPU
	EndGlobalSection
	GlobalSection(SolutionProperties) = preSolution
		HideSolutionNode = FALSE
	EndGlobalSection
	GlobalSection(ExtensibilityGlobals) = postSolution
		SolutionGuid = {4366CD37-8016-4DF5-B56B-16B49255411D}
	EndGlobalSection
EndGlobal
